
Microsoft Visual Studio Solution File, Format Version 12.00
# Visual Studio Version 17
VisualStudioVersion = 17.13.35919.96 d17.13
MinimumVisualStudioVersion = 10.0.40219.1
Project("{8BC9CEB8-8B4A-11D0-8D11-00A0C91BC942}") = "Lab2_CPP14", "Lab2_CPP14\Lab2_CPP11.vcxproj", "{00762E41-82F9-4045-995C-0D63B5EE8E02}"
EndProject
Project("{8BC9CEB8-8B4A-11D0-8D11-00A0C91BC942}") = "Lab2_CPP98", "Lab2_CPP98\Lab2_CPP98.vcxproj", "{882FE4F6-09E8-4BA5-945B-74AB1165A6AA}"
EndProject
Project("{8BC9CEB8-8B4A-11D0-8D11-00A0C91BC942}") = "Lab2_Tests14", "Lab2_Tests14\Lab2_Tests11.vcxproj", "{CBE11F0D-74AE-46DE-93C1-8566DAB21A90}"
EndProject
Project("{8BC9CEB8-8B4A-11D0-8D11-00A0C91BC942}") = "Lab2_Tests98", "Lab2_Tests98\Lab2_Tests98.vcxproj", "{24B41AF5-8144-422B-8415-AD9B502BD8A3}"
EndProject
Global
	GlobalSection(SolutionConfigurationPlatforms) = preSolution
		Debug|x64 = Debug|x64
		Debug|x86 = Debug|x86
		Release|x64 = Release|x64
		Release|x86 = Release|x86
	EndGlobalSection
	GlobalSection(ProjectConfigurationPlatforms) = postSolution
		{00762E41-82F9-4045-995C-0D63B5EE8E02}.Debug|x64.ActiveCfg = Debug|x64
		{00762E41-82F9-4045-995C-0D63B5EE8E02}.Debug|x64.Build.0 = Debug|x64
		{00762E41-82F9-4045-995C-0D63B5EE8E02}.Debug|x86.ActiveCfg = Debug|Win32
		{00762E41-82F9-4045-995C-0D63B5EE8E02}.Debug|x86.Build.0 = Debug|Win32
		{00762E41-82F9-4045-995C-0D63B5EE8E02}.Release|x64.ActiveCfg = Release|x64
		{00762E41-82F9-4045-995C-0D63B5EE8E02}.Release|x64.Build.0 = Release|x64
		{00762E41-82F9-4045-995C-0D63B5EE8E02}.Release|x86.ActiveCfg = Release|Win32
		{00762E41-82F9-4045-995C-0D63B5EE8E02}.Release|x86.Build.0 = Release|Win32
		{882FE4F6-09E8-4BA5-945B-74AB1165A6AA}.Debug|x64.ActiveCfg = Debug|x64
		{882FE4F6-09E8-4BA5-945B-74AB1165A6AA}.Debug|x64.Build.0 = Debug|x64
		{882FE4F6-09E8-4BA5-945B-74AB1165A6AA}.Debug|x86.ActiveCfg = Debug|Win32
		{882FE4F6-09E8-4BA5-945B-74AB1165A6AA}.Debug|x86.Build.0 = Debug|Win32
		{882FE4F6-09E8-4BA5-945B-74AB1165A6AA}.Release|x64.ActiveCfg = Release|x64
		{882FE4F6-09E8-4BA5-945B-74AB1165A6AA}.Release|x64.Build.0 = Release|x64
		{882FE4F6-09E8-4BA5-945B-74AB1165A6AA}.Release|x86.ActiveCfg = Release|Win32
		{882FE4F6-09E8-4BA5-945B-74AB1165A6AA}.Release|x86.Build.0 = Release|Win32
		{CBE11F0D-74AE-46DE-93C1-8566DAB21A90}.Debug|x64.ActiveCfg = Debug|x64
		{CBE11F0D-74AE-46DE-93C1-8566DAB21A90}.Debug|x64.Build.0 = Debug|x64
		{CBE11F0D-74AE-46DE-93C1-8566DAB21A90}.Debug|x86.ActiveCfg = Debug|Win32
		{CBE11F0D-74AE-46DE-93C1-8566DAB21A90}.Debug|x86.Build.0 = Debug|Win32
		{CBE11F0D-74AE-46DE-93C1-8566DAB21A90}.Release|x64.ActiveCfg = Release|x64
		{CBE11F0D-74AE-46DE-93C1-8566DAB21A90}.Release|x64.Build.0 = Release|x64
		{CBE11F0D-74AE-46DE-93C1-8566DAB21A90}.Release|x86.ActiveCfg = Release|Win32
		{CBE11F0D-74AE-46DE-93C1-8566DAB21A90}.Release|x86.Build.0 = Release|Win32
		{24B41AF5-8144-422B-8415-AD9B502BD8A3}.Debug|x64.ActiveCfg = Debug|x64
		{24B41AF5-8144-422B-8415-AD9B502BD8A3}.Debug|x64.Build.0 = Debug|x64
		{24B41AF5-8144-422B-8415-AD9B502BD8A3}.Debug|x86.ActiveCfg = Debug|Win32
		{24B41AF5-8144-422B-8415-AD9B502BD8A3}.Debug|x86.Build.0 = Debug|Win32
		{24B41AF5-8144-422B-8415-AD9B502BD8A3}.Release|x64.ActiveCfg = Release|x64
		{24B41AF5-8144-422B-8415-AD9B502BD8A3}.Release|x64.Build.0 = Release|x64
		{24B41AF5-8144-422B-8415-AD9B502BD8A3}.Release|x86.ActiveCfg = Release|Win32
		{24B41AF5-8144-422B-8415-AD9B502BD8A3}.Release|x86.Build.0 = Release|Win32
	EndGlobalSection
	GlobalSection(SolutionProperties) = preSolution
		HideSolutionNode = FALSE
	EndGlobalSection
	GlobalSection(ExtensibilityGlobals) = postSolution
		SolutionGuid = {C96E20CC-F493-4172-AA1D-E2CDA56E81F3}
	EndGlobalSection
EndGlobal
