
Microsoft Visual Studio Solution File, Format Version 12.00
# Visual Studio Version 17
VisualStudioVersion = 17.13.36105.23 d17.13
MinimumVisualStudioVersion = 10.0.40219.1
Project("{8BC9CEB8-8B4A-11D0-8D11-00A0C91BC942}") = "Server", "Server\Server.vcxproj", "{D7333C2D-08A3-448F-B71F-B5FEE01F142D}"
EndProject
Project("{8BC9CEB8-8B4A-11D0-8D11-00A0C91BC942}") = "Client", "Client\Client.vcxproj", "{354B2DB8-245E-45BB-8946-B219399E5A79}"
EndProject
Global
	GlobalSection(SolutionConfigurationPlatforms) = preSolution
		Debug|x64 = Debug|x64
		Debug|x86 = Debug|x86
		Release|x64 = Release|x64
		Release|x86 = Release|x86
	EndGlobalSection
	GlobalSection(ProjectConfigurationPlatforms) = postSolution
		{D7333C2D-08A3-448F-B71F-B5FEE01F142D}.Debug|x64.ActiveCfg = Debug|x64
		{D7333C2D-08A3-448F-B71F-B5FEE01F142D}.Debug|x64.Build.0 = Debug|x64
		{D7333C2D-08A3-448F-B71F-B5FEE01F142D}.Debug|x86.ActiveCfg = Debug|Win32
		{D7333C2D-08A3-448F-B71F-B5FEE01F142D}.Debug|x86.Build.0 = Debug|Win32
		{D7333C2D-08A3-448F-B71F-B5FEE01F142D}.Release|x64.ActiveCfg = Release|x64
		{D7333C2D-08A3-448F-B71F-B5FEE01F142D}.Release|x64.Build.0 = Release|x64
		{D7333C2D-08A3-448F-B71F-B5FEE01F142D}.Release|x86.ActiveCfg = Release|Win32
		{D7333C2D-08A3-448F-B71F-B5FEE01F142D}.Release|x86.Build.0 = Release|Win32
		{354B2DB8-245E-45BB-8946-B219399E5A79}.Debug|x64.ActiveCfg = Debug|x64
		{354B2DB8-245E-45BB-8946-B219399E5A79}.Debug|x64.Build.0 = Debug|x64
		{354B2DB8-245E-45BB-8946-B219399E5A79}.Debug|x86.ActiveCfg = Debug|Win32
		{354B2DB8-245E-45BB-8946-B219399E5A79}.Debug|x86.Build.0 = Debug|Win32
		{354B2DB8-245E-45BB-8946-B219399E5A79}.Release|x64.ActiveCfg = Release|x64
		{354B2DB8-245E-45BB-8946-B219399E5A79}.Release|x64.Build.0 = Release|x64
		{354B2DB8-245E-45BB-8946-B219399E5A79}.Release|x86.ActiveCfg = Release|Win32
		{354B2DB8-245E-45BB-8946-B219399E5A79}.Release|x86.Build.0 = Release|Win32
	EndGlobalSection
	GlobalSection(SolutionProperties) = preSolution
		HideSolutionNode = FALSE
	EndGlobalSection
	GlobalSection(ExtensibilityGlobals) = postSolution
		SolutionGuid = {D7AA0103-3F0F-43EE-A126-8CE542F02895}
	EndGlobalSection
EndGlobal
